
Microsoft Visual Studio Solution File, Format Version 12.00
# Visual Studio Version 17
VisualStudioVersion = 17.11.35303.130
MinimumVisualStudioVersion = 10.0.40219.1
Project("{FAE04EC0-301F-11D3-BF4B-00C04F79EFBC}") = "Activity1_ABANID", "Activity1_ABANID\Activity1_ABANID.csproj", "{761E9649-2676-4E55-8730-43588236400D}"
EndProject
Global
	GlobalSection(SolutionConfigurationPlatforms) = preSolution
		Debug|Any CPU = Debug|Any CPU
		Release|Any CPU = Release|Any CPU
	EndGlobalSection
	GlobalSection(ProjectConfigurationPlatforms) = postSolution
		{761E9649-2676-4E55-8730-43588236400D}.Debug|Any CPU.ActiveCfg = Debug|Any CPU
		{761E9649-2676-4E55-8730-43588236400D}.Debug|Any CPU.Build.0 = Debug|Any CPU
		{761E9649-2676-4E55-8730-43588236400D}.Release|Any CPU.ActiveCfg = Release|Any CPU
		{761E9649-2676-4E55-8730-43588236400D}.Release|Any CPU.Build.0 = Release|Any CPU
	EndGlobalSection
	GlobalSection(SolutionProperties) = preSolution
		HideSolutionNode = FALSE
	EndGlobalSection
	GlobalSection(ExtensibilityGlobals) = postSolution
		SolutionGuid = {7A4EDAF8-FBE1-4585-B6C2-2D62FAECB07B}
	EndGlobalSection
EndGlobal
